
Microsoft Visual Studio Solution File, Format Version 12.00
# Visual Studio Version 17
VisualStudioVersion = 17.5.33516.290
MinimumVisualStudioVersion = 10.0.40219.1
Project("{FAE04EC0-301F-11D3-BF4B-00C04F79EFBC}") = "BLL", "BLL\BLL.csproj", "{F88FA24D-2963-4BCE-A3AA-DFC72A851460}"
EndProject
Project("{FAE04EC0-301F-11D3-BF4B-00C04F79EFBC}") = "DAL", "DAL\DAL.csproj", "{3D882CFC-E6B9-489F-BCBC-BCB785ABD397}"
EndProject
Project("{FAE04EC0-301F-11D3-BF4B-00C04F79EFBC}") = "JbfdWL.Mysqlhelper", "Mysqlhelper\JbfdWL.Mysqlhelper.csproj", "{2333F1FA-63EC-46CB-9AB5-1CBA965FD9C5}"
EndProject
Project("{FAE04EC0-301F-11D3-BF4B-00C04F79EFBC}") = "CAL", "CAL\CAL.csproj", "{EB1DEBEF-0CED-4BB3-98D4-50A9C036EA7D}"
EndProject
Project("{FAE04EC0-301F-11D3-BF4B-00C04F79EFBC}") = "BASECONFIG", "BASECONFIG\BASECONFIG.csproj", "{99D845FB-1473-4678-BEA2-7279AD0FDEBD}"
EndProject
Project("{FAE04EC0-301F-11D3-BF4B-00C04F79EFBC}") = "JbfdWL", "ZLHYWL\JbfdWL.csproj", "{3E60619D-D6E9-4792-A24F-D128336CC142}"
EndProject
Project("{FAE04EC0-301F-11D3-BF4B-00C04F79EFBC}") = "JbfdWL.Models", "ZLHYWL.Model\JbfdWL.Models.csproj", "{60081C70-5918-4B25-A436-D8BD338DA2CF}"
EndProject
Global
	GlobalSection(SolutionConfigurationPlatforms) = preSolution
		Debug|Any CPU = Debug|Any CPU
		Release|Any CPU = Release|Any CPU
	EndGlobalSection
	GlobalSection(ProjectConfigurationPlatforms) = postSolution
		{F88FA24D-2963-4BCE-A3AA-DFC72A851460}.Debug|Any CPU.ActiveCfg = Debug|Any CPU
		{F88FA24D-2963-4BCE-A3AA-DFC72A851460}.Debug|Any CPU.Build.0 = Debug|Any CPU
		{F88FA24D-2963-4BCE-A3AA-DFC72A851460}.Release|Any CPU.ActiveCfg = Release|Any CPU
		{F88FA24D-2963-4BCE-A3AA-DFC72A851460}.Release|Any CPU.Build.0 = Release|Any CPU
		{3D882CFC-E6B9-489F-BCBC-BCB785ABD397}.Debug|Any CPU.ActiveCfg = Debug|Any CPU
		{3D882CFC-E6B9-489F-BCBC-BCB785ABD397}.Debug|Any CPU.Build.0 = Debug|Any CPU
		{3D882CFC-E6B9-489F-BCBC-BCB785ABD397}.Release|Any CPU.ActiveCfg = Release|Any CPU
		{3D882CFC-E6B9-489F-BCBC-BCB785ABD397}.Release|Any CPU.Build.0 = Release|Any CPU
		{2333F1FA-63EC-46CB-9AB5-1CBA965FD9C5}.Debug|Any CPU.ActiveCfg = Debug|Any CPU
		{2333F1FA-63EC-46CB-9AB5-1CBA965FD9C5}.Debug|Any CPU.Build.0 = Debug|Any CPU
		{2333F1FA-63EC-46CB-9AB5-1CBA965FD9C5}.Release|Any CPU.ActiveCfg = Release|Any CPU
		{2333F1FA-63EC-46CB-9AB5-1CBA965FD9C5}.Release|Any CPU.Build.0 = Release|Any CPU
		{EB1DEBEF-0CED-4BB3-98D4-50A9C036EA7D}.Debug|Any CPU.ActiveCfg = Debug|Any CPU
		{EB1DEBEF-0CED-4BB3-98D4-50A9C036EA7D}.Debug|Any CPU.Build.0 = Debug|Any CPU
		{EB1DEBEF-0CED-4BB3-98D4-50A9C036EA7D}.Release|Any CPU.ActiveCfg = Release|Any CPU
		{EB1DEBEF-0CED-4BB3-98D4-50A9C036EA7D}.Release|Any CPU.Build.0 = Release|Any CPU
		{99D845FB-1473-4678-BEA2-7279AD0FDEBD}.Debug|Any CPU.ActiveCfg = Debug|Any CPU
		{99D845FB-1473-4678-BEA2-7279AD0FDEBD}.Debug|Any CPU.Build.0 = Debug|Any CPU
		{99D845FB-1473-4678-BEA2-7279AD0FDEBD}.Release|Any CPU.ActiveCfg = Release|Any CPU
		{99D845FB-1473-4678-BEA2-7279AD0FDEBD}.Release|Any CPU.Build.0 = Release|Any CPU
		{3E60619D-D6E9-4792-A24F-D128336CC142}.Debug|Any CPU.ActiveCfg = Debug|Any CPU
		{3E60619D-D6E9-4792-A24F-D128336CC142}.Debug|Any CPU.Build.0 = Debug|Any CPU
		{3E60619D-D6E9-4792-A24F-D128336CC142}.Release|Any CPU.ActiveCfg = Release|Any CPU
		{3E60619D-D6E9-4792-A24F-D128336CC142}.Release|Any CPU.Build.0 = Release|Any CPU
		{60081C70-5918-4B25-A436-D8BD338DA2CF}.Debug|Any CPU.ActiveCfg = Debug|Any CPU
		{60081C70-5918-4B25-A436-D8BD338DA2CF}.Debug|Any CPU.Build.0 = Debug|Any CPU
		{60081C70-5918-4B25-A436-D8BD338DA2CF}.Release|Any CPU.ActiveCfg = Release|Any CPU
		{60081C70-5918-4B25-A436-D8BD338DA2CF}.Release|Any CPU.Build.0 = Release|Any CPU
	EndGlobalSection
	GlobalSection(SolutionProperties) = preSolution
		HideSolutionNode = FALSE
	EndGlobalSection
	GlobalSection(ExtensibilityGlobals) = postSolution
		SolutionGuid = {404B28B2-1FF3-421F-8032-1CD0315ECB40}
	EndGlobalSection
EndGlobal
